
Microsoft Visual Studio Solution File, Format Version 12.00
# Visual Studio Version 16
VisualStudioVersion = 16.0.30907.101
MinimumVisualStudioVersion = 10.0.40219.1
Project("{FAE04EC0-301F-11D3-BF4B-00C04F79EFBC}") = "Phone", "Phone\Phone.csproj", "{31860FFA-822D-4F5A-8B6D-326E72D7E42E}"
EndProject
Project("{FAE04EC0-301F-11D3-BF4B-00C04F79EFBC}") = "UnitTestProject1", "UnitTestProject1\UnitTestProject1.csproj", "{2CD0C113-C4E3-42A3-BBAE-B1D3B55A6C2D}"
EndProject
Global
	GlobalSection(SolutionConfigurationPlatforms) = preSolution
		Debug|Any CPU = Debug|Any CPU
		Release|Any CPU = Release|Any CPU
	EndGlobalSection
	GlobalSection(ProjectConfigurationPlatforms) = postSolution
		{31860FFA-822D-4F5A-8B6D-326E72D7E42E}.Debug|Any CPU.ActiveCfg = Debug|Any CPU
		{31860FFA-822D-4F5A-8B6D-326E72D7E42E}.Debug|Any CPU.Build.0 = Debug|Any CPU
		{31860FFA-822D-4F5A-8B6D-326E72D7E42E}.Release|Any CPU.ActiveCfg = Release|Any CPU
		{31860FFA-822D-4F5A-8B6D-326E72D7E42E}.Release|Any CPU.Build.0 = Release|Any CPU
		{2CD0C113-C4E3-42A3-BBAE-B1D3B55A6C2D}.Debug|Any CPU.ActiveCfg = Debug|Any CPU
		{2CD0C113-C4E3-42A3-BBAE-B1D3B55A6C2D}.Debug|Any CPU.Build.0 = Debug|Any CPU
		{2CD0C113-C4E3-42A3-BBAE-B1D3B55A6C2D}.Release|Any CPU.ActiveCfg = Release|Any CPU
		{2CD0C113-C4E3-42A3-BBAE-B1D3B55A6C2D}.Release|Any CPU.Build.0 = Release|Any CPU
	EndGlobalSection
	GlobalSection(SolutionProperties) = preSolution
		HideSolutionNode = FALSE
	EndGlobalSection
	GlobalSection(ExtensibilityGlobals) = postSolution
		SolutionGuid = {B1311AEC-8604-4C63-9843-DD92AB6F66D3}
	EndGlobalSection
EndGlobal
